// !$*UTF8*$!
{
	archiveVersion = 1;
	classes = {
	};
	objectVersion = 50;
	objects = {

/* Begin PBXBuildFile section */
		764CD5872154697D0021F333 /* AppDelegate.swift in Sources */ = {isa = PBXBuildFile; fileRef = 764CD5862154697D0021F333 /* AppDelegate.swift */; };
		764CD5892154697D0021F333 /* ViewController.swift in Sources */ = {isa = PBXBuildFile; fileRef = 764CD5882154697D0021F333 /* ViewController.swift */; };
		764CD58C2154697D0021F333 /* Main.storyboard in Resources */ = {isa = PBXBuildFile; fileRef = 764CD58A2154697D0021F333 /* Main.storyboard */; };
		764CD58E2154697F0021F333 /* Assets.xcassets in Resources */ = {isa = PBXBuildFile; fileRef = 764CD58D2154697F0021F333 /* Assets.xcassets */; };
		764CD5912154697F0021F333 /* LaunchScreen.storyboard in Resources */ = {isa = PBXBuildFile; fileRef = 764CD58F2154697F0021F333 /* LaunchScreen.storyboard */; };
		764CD59C2154697F0021F333 /* Purdue_CoRec_Monitor_iOSTests.swift in Sources */ = {isa = PBXBuildFile; fileRef = 764CD59B2154697F0021F333 /* Purdue_CoRec_Monitor_iOSTests.swift */; };
		764CD5A7215469800021F333 /* Purdue_CoRec_Monitor_iOSUITests.swift in Sources */ = {isa = PBXBuildFile; fileRef = 764CD5A6215469800021F333 /* Purdue_CoRec_Monitor_iOSUITests.swift */; };
/* End PBXBuildFile section */

/* Begin PBXContainerItemProxy section */
		764CD5982154697F0021F333 /* PBXContainerItemProxy */ = {
			isa = PBXContainerItemProxy;
			containerPortal = 764CD57B2154697D0021F333 /* Project object */;
			proxyType = 1;
			remoteGlobalIDString = 764CD5822154697D0021F333;
			remoteInfo = "Purdue-CoRec-Monitor-iOS";
		};
		764CD5A3215469800021F333 /* PBXContainerItemProxy */ = {
			isa = PBXContainerItemProxy;
			containerPortal = 764CD57B2154697D0021F333 /* Project object */;
			proxyType = 1;
			remoteGlobalIDString = 764CD5822154697D0021F333;
			remoteInfo = "Purdue-CoRec-Monitor-iOS";
		};
/* End PBXContainerItemProxy section */

/* Begin PBXFileReference section */
		764CD5832154697D0021F333 /* Purdue-CoRec-Monitor-iOS.app */ = {isa = PBXFileReference; explicitFileType = wrapper.application; includeInIndex = 0; path = "Purdue-CoRec-Monitor-iOS.app"; sourceTree = BUILT_PRODUCTS_DIR; };
		764CD5862154697D0021F333 /* AppDelegate.swift */ = {isa = PBXFileReference; lastKnownFileType = sourcecode.swift; path = AppDelegate.swift; sourceTree = "<group>"; };
		764CD5882154697D0021F333 /* ViewController.swift */ = {isa = PBXFileReference; lastKnownFileType = sourcecode.swift; path = ViewController.swift; sourceTree = "<group>"; };
		764CD58B2154697D0021F333 /* Base */ = {isa = PBXFileReference; lastKnownFileType = file.storyboard; name = Base; path = Base.lproj/Main.storyboard; sourceTree = "<group>"; };
		764CD58D2154697F0021F333 /* Assets.xcassets */ = {isa = PBXFileReference; lastKnownFileType = folder.assetcatalog; path = Assets.xcassets; sourceTree = "<group>"; };
		764CD5902154697F0021F333 /* Base */ = {isa = PBXFileReference; lastKnownFileType = file.storyboard; name = Base; path = Base.lproj/LaunchScreen.storyboard; sourceTree = "<group>"; };
		764CD5922154697F0021F333 /* Info.plist */ = {isa = PBXFileReference; lastKnownFileType = text.plist.xml; path = Info.plist; sourceTree = "<group>"; };
		764CD5972154697F0021F333 /* Purdue-CoRec-Monitor-iOSTests.xctest */ = {isa = PBXFileReference; explicitFileType = wrapper.cfbundle; includeInIndex = 0; path = "Purdue-CoRec-Monitor-iOSTests.xctest"; sourceTree = BUILT_PRODUCTS_DIR; };
		764CD59B2154697F0021F333 /* Purdue_CoRec_Monitor_iOSTests.swift */ = {isa = PBXFileReference; lastKnownFileType = sourcecode.swift; path = Purdue_CoRec_Monitor_iOSTests.swift; sourceTree = "<group>"; };
		764CD59D2154697F0021F333 /* Info.plist */ = {isa = PBXFileReference; lastKnownFileType = text.plist.xml; path = Info.plist; sourceTree = "<group>"; };
		764CD5A2215469800021F333 /* Purdue-CoRec-Monitor-iOSUITests.xctest */ = {isa = PBXFileReference; explicitFileType = wrapper.cfbundle; includeInIndex = 0; path = "Purdue-CoRec-Monitor-iOSUITests.xctest"; sourceTree = BUILT_PRODUCTS_DIR; };
		764CD5A6215469800021F333 /* Purdue_CoRec_Monitor_iOSUITests.swift */ = {isa = PBXFileReference; lastKnownFileType = sourcecode.swift; path = Purdue_CoRec_Monitor_iOSUITests.swift; sourceTree = "<group>"; };
		764CD5A8215469800021F333 /* Info.plist */ = {isa = PBXFileReference; lastKnownFileType = text.plist.xml; path = Info.plist; sourceTree = "<group>"; };
/* End PBXFileReference section */

/* Begin PBXFrameworksBuildPhase section */
		764CD5802154697D0021F333 /* Frameworks */ = {
			isa = PBXFrameworksBuildPhase;
			buildActionMask = 2147483647;
			files = (
			);
			runOnlyForDeploymentPostprocessing = 0;
		};
		764CD5942154697F0021F333 /* Frameworks */ = {
			isa = PBXFrameworksBuildPhase;
			buildActionMask = 2147483647;
			files = (
			);
			runOnlyForDeploymentPostprocessing = 0;
		};
		764CD59F215469800021F333 /* Frameworks */ = {
			isa = PBXFrameworksBuildPhase;
			buildActionMask = 2147483647;
			files = (
			);
			runOnlyForDeploymentPostprocessing = 0;
		};
/* End PBXFrameworksBuildPhase section */

/* Begin PBXGroup section */
		764CD57A2154697D0021F333 = {
			isa = PBXGroup;
			children = (
				764CD5852154697D0021F333 /* Purdue-CoRec-Monitor-iOS */,
				764CD59A2154697F0021F333 /* Purdue-CoRec-Monitor-iOSTests */,
				764CD5A5215469800021F333 /* Purdue-CoRec-Monitor-iOSUITests */,
				764CD5842154697D0021F333 /* Products */,
			);
			sourceTree = "<group>";
		};
		764CD5842154697D0021F333 /* Products */ = {
			isa = PBXGroup;
			children = (
				764CD5832154697D0021F333 /* Purdue-CoRec-Monitor-iOS.app */,
				764CD5972154697F0021F333 /* Purdue-CoRec-Monitor-iOSTests.xctest */,
				764CD5A2215469800021F333 /* Purdue-CoRec-Monitor-iOSUITests.xctest */,
			);
			name = Products;
			sourceTree = "<group>";
		};
		764CD5852154697D0021F333 /* Purdue-CoRec-Monitor-iOS */ = {
			isa = PBXGroup;
			children = (
				764CD5862154697D0021F333 /* AppDelegate.swift */,
				764CD5882154697D0021F333 /* ViewController.swift */,
				764CD58A2154697D0021F333 /* Main.storyboard */,
				764CD58D2154697F0021F333 /* Assets.xcassets */,
				764CD58F2154697F0021F333 /* LaunchScreen.storyboard */,
				764CD5922154697F0021F333 /* Info.plist */,
			);
			path = "Purdue-CoRec-Monitor-iOS";
			sourceTree = "<group>";
		};
		764CD59A2154697F0021F333 /* Purdue-CoRec-Monitor-iOSTests */ = {
			isa = PBXGroup;
			children = (
				764CD59B2154697F0021F333 /* Purdue_CoRec_Monitor_iOSTests.swift */,
				764CD59D2154697F0021F333 /* Info.plist */,
			);
			path = "Purdue-CoRec-Monitor-iOSTests";
			sourceTree = "<group>";
		};
		764CD5A5215469800021F333 /* Purdue-CoRec-Monitor-iOSUITests */ = {
			isa = PBXGroup;
			children = (
				764CD5A6215469800021F333 /* Purdue_CoRec_Monitor_iOSUITests.swift */,
				764CD5A8215469800021F333 /* Info.plist */,
			);
			path = "Purdue-CoRec-Monitor-iOSUITests";
			sourceTree = "<group>";
		};
/* End PBXGroup section */

/* Begin PBXNativeTarget section */
		764CD5822154697D0021F333 /* Purdue-CoRec-Monitor-iOS */ = {
			isa = PBXNativeTarget;
			buildConfigurationList = 764CD5AB215469800021F333 /* Build configuration list for PBXNativeTarget "Purdue-CoRec-Monitor-iOS" */;
			buildPhases = (
				764CD57F2154697D0021F333 /* Sources */,
				764CD5802154697D0021F333 /* Frameworks */,
				764CD5812154697D0021F333 /* Resources */,
			);
			buildRules = (
			);
			dependencies = (
			);
			name = "Purdue-CoRec-Monitor-iOS";
			productName = "Purdue-CoRec-Monitor-iOS";
			productReference = 764CD5832154697D0021F333 /* Purdue-CoRec-Monitor-iOS.app */;
			productType = "com.apple.product-type.application";
		};
		764CD5962154697F0021F333 /* Purdue-CoRec-Monitor-iOSTests */ = {
			isa = PBXNativeTarget;
			buildConfigurationList = 764CD5AE215469800021F333 /* Build configuration list for PBXNativeTarget "Purdue-CoRec-Monitor-iOSTests" */;
			buildPhases = (
				764CD5932154697F0021F333 /* Sources */,
				764CD5942154697F0021F333 /* Frameworks */,
				764CD5952154697F0021F333 /* Resources */,
			);
			buildRules = (
			);
			dependencies = (
				764CD5992154697F0021F333 /* PBXTargetDependency */,
			);
			name = "Purdue-CoRec-Monitor-iOSTests";
			productName = "Purdue-CoRec-Monitor-iOSTests";
			productReference = 764CD5972154697F0021F333 /* Purdue-CoRec-Monitor-iOSTests.xctest */;
			productType = "com.apple.product-type.bundle.unit-test";
		};
		764CD5A1215469800021F333 /* Purdue-CoRec-Monitor-iOSUITests */ = {
			isa = PBXNativeTarget;
			buildConfigurationList = 764CD5B1215469800021F333 /* Build configuration list for PBXNativeTarget "Purdue-CoRec-Monitor-iOSUITests" */;
			buildPhases = (
				764CD59E215469800021F333 /* Sources */,
				764CD59F215469800021F333 /* Frameworks */,
				764CD5A0215469800021F333 /* Resources */,
			);
			buildRules = (
			);
			dependencies = (
				764CD5A4215469800021F333 /* PBXTargetDependency */,
			);
			name = "Purdue-CoRec-Monitor-iOSUITests";
			productName = "Purdue-CoRec-Monitor-iOSUITests";
			productReference = 764CD5A2215469800021F333 /* Purdue-CoRec-Monitor-iOSUITests.xctest */;
			productType = "com.apple.product-type.bundle.ui-testing";
		};
/* End PBXNativeTarget section */

/* Begin PBXProject section */
		764CD57B2154697D0021F333 /* Project object */ = {
			isa = PBXProject;
			attributes = {
				LastSwiftUpdateCheck = 0940;
				LastUpgradeCheck = 0940;
				ORGANIZATIONNAME = "Viraat Das";
				TargetAttributes = {
					764CD5822154697D0021F333 = {
						CreatedOnToolsVersion = 9.4.1;
					};
					764CD5962154697F0021F333 = {
						CreatedOnToolsVersion = 9.4.1;
						TestTargetID = 764CD5822154697D0021F333;
					};
					764CD5A1215469800021F333 = {
						CreatedOnToolsVersion = 9.4.1;
						TestTargetID = 764CD5822154697D0021F333;
					};
				};
			};
			buildConfigurationList = 764CD57E2154697D0021F333 /* Build configuration list for PBXProject "Purdue-CoRec-Monitor-iOS" */;
			compatibilityVersion = "Xcode 9.3";
			developmentRegion = en;
			hasScannedForEncodings = 0;
			knownRegions = (
				en,
				Base,
			);
			mainGroup = 764CD57A2154697D0021F333;
			productRefGroup = 764CD5842154697D0021F333 /* Products */;
			projectDirPath = "";
			projectRoot = "";
			targets = (
				764CD5822154697D0021F333 /* Purdue-CoRec-Monitor-iOS */,
				764CD5962154697F0021F333 /* Purdue-CoRec-Monitor-iOSTests */,
				764CD5A1215469800021F333 /* Purdue-CoRec-Monitor-iOSUITests */,
			);
		};
/* End PBXProject section */

/* Begin PBXResourcesBuildPhase section */
		764CD5812154697D0021F333 /* Resources */ = {
			isa = PBXResourcesBuildPhase;
			buildActionMask = 2147483647;
			files = (
				764CD5912154697F0021F333 /* LaunchScreen.storyboard in Resources */,
				764CD58E2154697F0021F333 /* Assets.xcassets in Resources */,
				764CD58C2154697D0021F333 /* Main.storyboard in Resources */,
			);
			runOnlyForDeploymentPostprocessing = 0;
		};
		764CD5952154697F0021F333 /* Resources */ = {
			isa = PBXResourcesBuildPhase;
			buildActionMask = 2147483647;
			files = (
			);
			runOnlyForDeploymentPostprocessing = 0;
		};
		764CD5A0215469800021F333 /* Resources */ = {
			isa = PBXResourcesBuildPhase;
			buildActionMask = 2147483647;
			files = (
			);
			runOnlyForDeploymentPostprocessing = 0;
		};
/* End PBXResourcesBuildPhase section */

/* Begin PBXSourcesBuildPhase section */
		764CD57F2154697D0021F333 /* Sources */ = {
			isa = PBXSourcesBuildPhase;
			buildActionMask = 2147483647;
			files = (
				764CD5892154697D0021F333 /* ViewController.swift in Sources */,
				764CD5872154697D0021F333 /* AppDelegate.swift in Sources */,
			);
			runOnlyForDeploymentPostprocessing = 0;
		};
		764CD5932154697F0021F333 /* Sources */ = {
			isa = PBXSourcesBuildPhase;
			buildActionMask = 2147483647;
			files = (
				764CD59C2154697F0021F333 /* Purdue_CoRec_Monitor_iOSTests.swift in Sources */,
			);
			runOnlyForDeploymentPostprocessing = 0;
		};
		764CD59E215469800021F333 /* Sources */ = {
			isa = PBXSourcesBuildPhase;
			buildActionMask = 2147483647;
			files = (
				764CD5A7215469800021F333 /* Purdue_CoRec_Monitor_iOSUITests.swift in Sources */,
			);
			runOnlyForDeploymentPostprocessing = 0;
		};
/* End PBXSourcesBuildPhase section */

/* Begin PBXTargetDependency section */
		764CD5992154697F0021F333 /* PBXTargetDependency */ = {
			isa = PBXTargetDependency;
			target = 764CD5822154697D0021F333 /* Purdue-CoRec-Monitor-iOS */;
			targetProxy = 764CD5982154697F0021F333 /* PBXContainerItemProxy */;
		};
		764CD5A4215469800021F333 /* PBXTargetDependency */ = {
			isa = PBXTargetDependency;
			target = 764CD5822154697D0021F333 /* Purdue-CoRec-Monitor-iOS */;
			targetProxy = 764CD5A3215469800021F333 /* PBXContainerItemProxy */;
		};
/* End PBXTargetDependency section */

/* Begin PBXVariantGroup section */
		764CD58A2154697D0021F333 /* Main.storyboard */ = {
			isa = PBXVariantGroup;
			children = (
				764CD58B2154697D0021F333 /* Base */,
			);
			name = Main.storyboard;
			sourceTree = "<group>";
		};
		764CD58F2154697F0021F333 /* LaunchScreen.storyboard */ = {
			isa = PBXVariantGroup;
			children = (
				764CD5902154697F0021F333 /* Base */,
			);
			name = LaunchScreen.storyboard;
			sourceTree = "<group>";
		};
/* End PBXVariantGroup section */

/* Begin XCBuildConfiguration section */
		764CD5A9215469800021F333 /* Debug */ = {
			isa = XCBuildConfiguration;
			buildSettings = {
				ALWAYS_SEARCH_USER_PATHS = NO;
				CLANG_ANALYZER_NONNULL = YES;
				CLANG_ANALYZER_NUMBER_OBJECT_CONVERSION = YES_AGGRESSIVE;
				CLANG_CXX_LANGUAGE_STANDARD = "gnu++14";
				CLANG_CXX_LIBRARY = "libc++";
				CLANG_ENABLE_MODULES = YES;
				CLANG_ENABLE_OBJC_ARC = YES;
				CLANG_ENABLE_OBJC_WEAK = YES;
				CLANG_WARN_BLOCK_CAPTURE_AUTORELEASING = YES;
				CLANG_WARN_BOOL_CONVERSION = YES;
				CLANG_WARN_COMMA = YES;
				CLANG_WARN_CONSTANT_CONVERSION = YES;
				CLANG_WARN_DEPRECATED_OBJC_IMPLEMENTATIONS = YES;
				CLANG_WARN_DIRECT_OBJC_ISA_USAGE = YES_ERROR;
				CLANG_WARN_DOCUMENTATION_COMMENTS = YES;
				CLANG_WARN_EMPTY_BODY = YES;
				CLANG_WARN_ENUM_CONVERSION = YES;
				CLANG_WARN_INFINITE_RECURSION = YES;
				CLANG_WARN_INT_CONVERSION = YES;
				CLANG_WARN_NON_LITERAL_NULL_CONVERSION = YES;
				CLANG_WARN_OBJC_IMPLICIT_RETAIN_SELF = YES;
				CLANG_WARN_OBJC_LITERAL_CONVERSION = YES;
				CLANG_WARN_OBJC_ROOT_CLASS = YES_ERROR;
				CLANG_WARN_RANGE_LOOP_ANALYSIS = YES;
				CLANG_WARN_STRICT_PROTOTYPES = YES;
				CLANG_WARN_SUSPICIOUS_MOVE = YES;
				CLANG_WARN_UNGUARDED_AVAILABILITY = YES_AGGRESSIVE;
				CLANG_WARN_UNREACHABLE_CODE = YES;
				CLANG_WARN__DUPLICATE_METHOD_MATCH = YES;
				CODE_SIGN_IDENTITY = "iPhone Developer";
				COPY_PHASE_STRIP = NO;
				DEBUG_INFORMATION_FORMAT = dwarf;
				ENABLE_STRICT_OBJC_MSGSEND = YES;
				ENABLE_TESTABILITY = YES;
				GCC_C_LANGUAGE_STANDARD = gnu11;
				GCC_DYNAMIC_NO_PIC = NO;
				GCC_NO_COMMON_BLOCKS = YES;
				GCC_OPTIMIZATION_LEVEL = 0;
				GCC_PREPROCESSOR_DEFINITIONS = (
					"DEBUG=1",
					"$(inherited)",
				);
				GCC_WARN_64_TO_32_BIT_CONVERSION = YES;
				GCC_WARN_ABOUT_RETURN_TYPE = YES_ERROR;
				GCC_WARN_UNDECLARED_SELECTOR = YES;
				GCC_WARN_UNINITIALIZED_AUTOS = YES_AGGRESSIVE;
				GCC_WARN_UNUSED_FUNCTION = YES;
				GCC_WARN_UNUSED_VARIABLE = YES;
				IPHONEOS_DEPLOYMENT_TARGET = 11.4;
				MTL_ENABLE_DEBUG_INFO = YES;
				ONLY_ACTIVE_ARCH = YES;
				SDKROOT = iphoneos;
				SWIFT_ACTIVE_COMPILATION_CONDITIONS = DEBUG;
				SWIFT_OPTIMIZATION_LEVEL = "-Onone";
			};
			name = Debug;
		};
		764CD5AA215469800021F333 /* Release */ = {
			isa = XCBuildConfiguration;
			buildSettings = {
				ALWAYS_SEARCH_USER_PATHS = NO;
				CLANG_ANALYZER_NONNULL = YES;
				CLANG_ANALYZER_NUMBER_OBJECT_CONVERSION = YES_AGGRESSIVE;
				CLANG_CXX_LANGUAGE_STANDARD = "gnu++14";
				CLANG_CXX_LIBRARY = "libc++";
				CLANG_ENABLE_MODULES = YES;
				CLANG_ENABLE_OBJC_ARC = YES;
				CLANG_ENABLE_OBJC_WEAK = YES;
				CLANG_WARN_BLOCK_CAPTURE_AUTORELEASING = YES;
				CLANG_WARN_BOOL_CONVERSION = YES;
				CLANG_WARN_COMMA = YES;
				CLANG_WARN_CONSTANT_CONVERSION = YES;
				CLANG_WARN_DEPRECATED_OBJC_IMPLEMENTATIONS = YES;
				CLANG_WARN_DIRECT_OBJC_ISA_USAGE = YES_ERROR;
				CLANG_WARN_DOCUMENTATION_COMMENTS = YES;
				CLANG_WARN_EMPTY_BODY = YES;
				CLANG_WARN_ENUM_CONVERSION = YES;
				CLANG_WARN_INFINITE_RECURSION = YES;
				CLANG_WARN_INT_CONVERSION = YES;
				CLANG_WARN_NON_LITERAL_NULL_CONVERSION = YES;
				CLANG_WARN_OBJC_IMPLICIT_RETAIN_SELF = YES;
				CLANG_WARN_OBJC_LITERAL_CONVERSION = YES;
				CLANG_WARN_OBJC_ROOT_CLASS = YES_ERROR;
				CLANG_WARN_RANGE_LOOP_ANALYSIS = YES;
				CLANG_WARN_STRICT_PROTOTYPES = YES;
				CLANG_WARN_SUSPICIOUS_MOVE = YES;
				CLANG_WARN_UNGUARDED_AVAILABILITY = YES_AGGRESSIVE;
				CLANG_WARN_UNREACHABLE_CODE = YES;
				CLANG_WARN__DUPLICATE_METHOD_MATCH = YES;
				CODE_SIGN_IDENTITY = "iPhone Developer";
				COPY_PHASE_STRIP = NO;
				DEBUG_INFORMATION_FORMAT = "dwarf-with-dsym";
				ENABLE_NS_ASSERTIONS = NO;
				ENABLE_STRICT_OBJC_MSGSEND = YES;
				GCC_C_LANGUAGE_STANDARD = gnu11;
				GCC_NO_COMMON_BLOCKS = YES;
				GCC_WARN_64_TO_32_BIT_CONVERSION = YES;
				GCC_WARN_ABOUT_RETURN_TYPE = YES_ERROR;
				GCC_WARN_UNDECLARED_SELECTOR = YES;
				GCC_WARN_UNINITIALIZED_AUTOS = YES_AGGRESSIVE;
				GCC_WARN_UNUSED_FUNCTION = YES;
				GCC_WARN_UNUSED_VARIABLE = YES;
				IPHONEOS_DEPLOYMENT_TARGET = 11.4;
				MTL_ENABLE_DEBUG_INFO = NO;
				SDKROOT = iphoneos;
				SWIFT_COMPILATION_MODE = wholemodule;
				SWIFT_OPTIMIZATION_LEVEL = "-O";
				VALIDATE_PRODUCT = YES;
			};
			name = Release;
		};
		764CD5AC215469800021F333 /* Debug */ = {
			isa = XCBuildConfiguration;
			buildSettings = {
				ASSETCATALOG_COMPILER_APPICON_NAME = AppIcon;
				CODE_SIGN_STYLE = Automatic;
				INFOPLIST_FILE = "Purdue-CoRec-Monitor-iOS/Info.plist";
				LD_RUNPATH_SEARCH_PATHS = (
					"$(inherited)",
					"@executable_path/Frameworks",
				);
				PRODUCT_BUNDLE_IDENTIFIER = "com.SIAPP.Purdue-CoRec-Monitor-iOS";
				PRODUCT_NAME = "$(TARGET_NAME)";
				SWIFT_VERSION = 4.0;
				TARGETED_DEVICE_FAMILY = "1,2";
			};
			name = Debug;
		};
		764CD5AD215469800021F333 /* Release */ = {
			isa = XCBuildConfiguration;
			buildSettings = {
				ASSETCATALOG_COMPILER_APPICON_NAME = AppIcon;
				CODE_SIGN_STYLE = Automatic;
				INFOPLIST_FILE = "Purdue-CoRec-Monitor-iOS/Info.plist";
				LD_RUNPATH_SEARCH_PATHS = (
					"$(inherited)",
					"@executable_path/Frameworks",
				);
				PRODUCT_BUNDLE_IDENTIFIER = "com.SIAPP.Purdue-CoRec-Monitor-iOS";
				PRODUCT_NAME = "$(TARGET_NAME)";
				SWIFT_VERSION = 4.0;
				TARGETED_DEVICE_FAMILY = "1,2";
			};
			name = Release;
		};
		764CD5AF215469800021F333 /* Debug */ = {
			isa = XCBuildConfiguration;
			buildSettings = {
				ALWAYS_EMBED_SWIFT_STANDARD_LIBRARIES = YES;
				BUNDLE_LOADER = "$(TEST_HOST)";
				CODE_SIGN_STYLE = Automatic;
				INFOPLIST_FILE = "Purdue-CoRec-Monitor-iOSTests/Info.plist";
				LD_RUNPATH_SEARCH_PATHS = (
					"$(inherited)",
					"@executable_path/Frameworks",
					"@loader_path/Frameworks",
				);
				PRODUCT_BUNDLE_IDENTIFIER = "com.SIAPP.Purdue-CoRec-Monitor-iOSTests";
				PRODUCT_NAME = "$(TARGET_NAME)";
				SWIFT_VERSION = 4.0;
				TARGETED_DEVICE_FAMILY = "1,2";
				TEST_HOST = "$(BUILT_PRODUCTS_DIR)/Purdue-CoRec-Monitor-iOS.app/Purdue-CoRec-Monitor-iOS";
			};
			name = Debug;
		};
		764CD5B0215469800021F333 /* Release */ = {
			isa = XCBuildConfiguration;
			buildSettings = {
				ALWAYS_EMBED_SWIFT_STANDARD_LIBRARIES = YES;
				BUNDLE_LOADER = "$(TEST_HOST)";
				CODE_SIGN_STYLE = Automatic;
				INFOPLIST_FILE = "Purdue-CoRec-Monitor-iOSTests/Info.plist";
				LD_RUNPATH_SEARCH_PATHS = (
					"$(inherited)",
					"@executable_path/Frameworks",
					"@loader_path/Frameworks",
				);
				PRODUCT_BUNDLE_IDENTIFIER = "com.SIAPP.Purdue-CoRec-Monitor-iOSTests";
				PRODUCT_NAME = "$(TARGET_NAME)";
				SWIFT_VERSION = 4.0;
				TARGETED_DEVICE_FAMILY = "1,2";
				TEST_HOST = "$(BUILT_PRODUCTS_DIR)/Purdue-CoRec-Monitor-iOS.app/Purdue-CoRec-Monitor-iOS";
			};
			name = Release;
		};
		764CD5B2215469800021F333 /* Debug */ = {
			isa = XCBuildConfiguration;
			buildSettings = {
				ALWAYS_EMBED_SWIFT_STANDARD_LIBRARIES = YES;
				CODE_SIGN_STYLE = Automatic;
				INFOPLIST_FILE = "Purdue-CoRec-Monitor-iOSUITests/Info.plist";
				LD_RUNPATH_SEARCH_PATHS = (
					"$(inherited)",
					"@executable_path/Frameworks",
					"@loader_path/Frameworks",
				);
				PRODUCT_BUNDLE_IDENTIFIER = "com.SIAPP.Purdue-CoRec-Monitor-iOSUITests";
				PRODUCT_NAME = "$(TARGET_NAME)";
				SWIFT_VERSION = 4.0;
				TARGETED_DEVICE_FAMILY = "1,2";
				TEST_TARGET_NAME = "Purdue-CoRec-Monitor-iOS";
			};
			name = Debug;
		};
		764CD5B3215469800021F333 /* Release */ = {
			isa = XCBuildConfiguration;
			buildSettings = {
				ALWAYS_EMBED_SWIFT_STANDARD_LIBRARIES = YES;
				CODE_SIGN_STYLE = Automatic;
				INFOPLIST_FILE = "Purdue-CoRec-Monitor-iOSUITests/Info.plist";
				LD_RUNPATH_SEARCH_PATHS = (
					"$(inherited)",
					"@executable_path/Frameworks",
					"@loader_path/Frameworks",
				);
				PRODUCT_BUNDLE_IDENTIFIER = "com.SIAPP.Purdue-CoRec-Monitor-iOSUITests";
				PRODUCT_NAME = "$(TARGET_NAME)";
				SWIFT_VERSION = 4.0;
				TARGETED_DEVICE_FAMILY = "1,2";
				TEST_TARGET_NAME = "Purdue-CoRec-Monitor-iOS";
			};
			name = Release;
		};
/* End XCBuildConfiguration section */

/* Begin XCConfigurationList section */
		764CD57E2154697D0021F333 /* Build configuration list for PBXProject "Purdue-CoRec-Monitor-iOS" */ = {
			isa = XCConfigurationList;
			buildConfigurations = (
				764CD5A9215469800021F333 /* Debug */,
				764CD5AA215469800021F333 /* Release */,
			);
			defaultConfigurationIsVisible = 0;
			defaultConfigurationName = Release;
		};
		764CD5AB215469800021F333 /* Build configuration list for PBXNativeTarget "Purdue-CoRec-Monitor-iOS" */ = {
			isa = XCConfigurationList;
			buildConfigurations = (
				764CD5AC215469800021F333 /* Debug */,
				764CD5AD215469800021F333 /* Release */,
			);
			defaultConfigurationIsVisible = 0;
			defaultConfigurationName = Release;
		};
		764CD5AE215469800021F333 /* Build configuration list for PBXNativeTarget "Purdue-CoRec-Monitor-iOSTests" */ = {
			isa = XCConfigurationList;
			buildConfigurations = (
				764CD5AF215469800021F333 /* Debug */,
				764CD5B0215469800021F333 /* Release */,
			);
			defaultConfigurationIsVisible = 0;
			defaultConfigurationName = Release;
		};
		764CD5B1215469800021F333 /* Build configuration list for PBXNativeTarget "Purdue-CoRec-Monitor-iOSUITests" */ = {
			isa = XCConfigurationList;
			buildConfigurations = (
				764CD5B2215469800021F333 /* Debug */,
				764CD5B3215469800021F333 /* Release */,
			);
			defaultConfigurationIsVisible = 0;
			defaultConfigurationName = Release;
		};
/* End XCConfigurationList section */
	};
	rootObject = 764CD57B2154697D0021F333 /* Project object */;
}
